
Microsoft Visual Studio Solution File, Format Version 12.00
# Visual Studio Version 17
VisualStudioVersion = 17.14.36811.4 d17.14
MinimumVisualStudioVersion = 10.0.40219.1
Project("{C9674DCB-5085-4A16-B785-4C70DD1589BD}") = "Bank", "Bank.dtproj", "{2EF9BF20-C490-9A16-8D12-0835045813BF}"
EndProject
Global
	GlobalSection(SolutionConfigurationPlatforms) = preSolution
		Development|Default = Development|Default
	EndGlobalSection
	GlobalSection(ProjectConfigurationPlatforms) = postSolution
		{2EF9BF20-C490-9A16-8D12-0835045813BF}.Development|Default.ActiveCfg = Development
		{2EF9BF20-C490-9A16-8D12-0835045813BF}.Development|Default.Build.0 = Development
	EndGlobalSection
	GlobalSection(SolutionProperties) = preSolution
		HideSolutionNode = FALSE
	EndGlobalSection
	GlobalSection(ExtensibilityGlobals) = postSolution
		SolutionGuid = {3D39EE46-C27B-449E-9291-088A2B48F4AD}
	EndGlobalSection
EndGlobal
